// !$*UTF8*$!
{
	archiveVersion = 1;
	classes = {
	};
	objectVersion = 55;
	objects = {

/* Begin PBXBuildFile section */
		19321C552794564200AE32F0 /* AppDelegate.swift in Sources */ = {isa = PBXBuildFile; fileRef = 19321C542794564200AE32F0 /* AppDelegate.swift */; };
		19321C572794564200AE32F0 /* SceneDelegate.swift in Sources */ = {isa = PBXBuildFile; fileRef = 19321C562794564200AE32F0 /* SceneDelegate.swift */; };
		19321C592794564200AE32F0 /* ViewController.swift in Sources */ = {isa = PBXBuildFile; fileRef = 19321C582794564200AE32F0 /* ViewController.swift */; };
		19321C5C2794564200AE32F0 /* Main.storyboard in Resources */ = {isa = PBXBuildFile; fileRef = 19321C5A2794564200AE32F0 /* Main.storyboard */; };
		19321C5E2794564400AE32F0 /* Assets.xcassets in Resources */ = {isa = PBXBuildFile; fileRef = 19321C5D2794564400AE32F0 /* Assets.xcassets */; };
		19321C612794564400AE32F0 /* LaunchScreen.storyboard in Resources */ = {isa = PBXBuildFile; fileRef = 19321C5F2794564400AE32F0 /* LaunchScreen.storyboard */; };
		19321C8E27945C9300AE32F0 /* Model.swift in Sources */ = {isa = PBXBuildFile; fileRef = 19321C8D27945C9300AE32F0 /* Model.swift */; };
		19321C9027945CB100AE32F0 /* NetworkManager.swift in Sources */ = {isa = PBXBuildFile; fileRef = 19321C8F27945CB100AE32F0 /* NetworkManager.swift */; };
		19321C9227945CDA00AE32F0 /* PersonView.swift in Sources */ = {isa = PBXBuildFile; fileRef = 19321C9127945CDA00AE32F0 /* PersonView.swift */; };
		19321C9427945CF300AE32F0 /* PersonViewController.swift in Sources */ = {isa = PBXBuildFile; fileRef = 19321C9327945CF300AE32F0 /* PersonViewController.swift */; };
		19321C9627945D0E00AE32F0 /* Presenter.swift in Sources */ = {isa = PBXBuildFile; fileRef = 19321C9527945D0E00AE32F0 /* Presenter.swift */; };
		19321C9827945D2500AE32F0 /* PresenterInput.swift in Sources */ = {isa = PBXBuildFile; fileRef = 19321C9727945D2500AE32F0 /* PresenterInput.swift */; };
		19321C9A27945D4700AE32F0 /* PresenterOutput.swift in Sources */ = {isa = PBXBuildFile; fileRef = 19321C9927945D4700AE32F0 /* PresenterOutput.swift */; };
		19321C9C27945ED500AE32F0 /* PersonModuleAssembly.swift in Sources */ = {isa = PBXBuildFile; fileRef = 19321C9B27945ED500AE32F0 /* PersonModuleAssembly.swift */; };
/* End PBXBuildFile section */

/* Begin PBXFileReference section */
		19321C512794564200AE32F0 /* MVPTest(HW).app */ = {isa = PBXFileReference; explicitFileType = wrapper.application; includeInIndex = 0; path = "MVPTest(HW).app"; sourceTree = BUILT_PRODUCTS_DIR; };
		19321C542794564200AE32F0 /* AppDelegate.swift */ = {isa = PBXFileReference; lastKnownFileType = sourcecode.swift; path = AppDelegate.swift; sourceTree = "<group>"; };
		19321C562794564200AE32F0 /* SceneDelegate.swift */ = {isa = PBXFileReference; lastKnownFileType = sourcecode.swift; path = SceneDelegate.swift; sourceTree = "<group>"; };
		19321C582794564200AE32F0 /* ViewController.swift */ = {isa = PBXFileReference; lastKnownFileType = sourcecode.swift; path = ViewController.swift; sourceTree = "<group>"; };
		19321C5B2794564200AE32F0 /* Base */ = {isa = PBXFileReference; lastKnownFileType = file.storyboard; name = Base; path = Base.lproj/Main.storyboard; sourceTree = "<group>"; };
		19321C5D2794564400AE32F0 /* Assets.xcassets */ = {isa = PBXFileReference; lastKnownFileType = folder.assetcatalog; path = Assets.xcassets; sourceTree = "<group>"; };
		19321C602794564400AE32F0 /* Base */ = {isa = PBXFileReference; lastKnownFileType = file.storyboard; name = Base; path = Base.lproj/LaunchScreen.storyboard; sourceTree = "<group>"; };
		19321C622794564400AE32F0 /* Info.plist */ = {isa = PBXFileReference; lastKnownFileType = text.plist.xml; path = Info.plist; sourceTree = "<group>"; };
		19321C8D27945C9300AE32F0 /* Model.swift */ = {isa = PBXFileReference; lastKnownFileType = sourcecode.swift; path = Model.swift; sourceTree = "<group>"; };
		19321C8F27945CB100AE32F0 /* NetworkManager.swift */ = {isa = PBXFileReference; lastKnownFileType = sourcecode.swift; path = NetworkManager.swift; sourceTree = "<group>"; };
		19321C9127945CDA00AE32F0 /* PersonView.swift */ = {isa = PBXFileReference; lastKnownFileType = sourcecode.swift; path = PersonView.swift; sourceTree = "<group>"; };
		19321C9327945CF300AE32F0 /* PersonViewController.swift */ = {isa = PBXFileReference; lastKnownFileType = sourcecode.swift; path = PersonViewController.swift; sourceTree = "<group>"; };
		19321C9527945D0E00AE32F0 /* Presenter.swift */ = {isa = PBXFileReference; lastKnownFileType = sourcecode.swift; path = Presenter.swift; sourceTree = "<group>"; };
		19321C9727945D2500AE32F0 /* PresenterInput.swift */ = {isa = PBXFileReference; lastKnownFileType = sourcecode.swift; path = PresenterInput.swift; sourceTree = "<group>"; };
		19321C9927945D4700AE32F0 /* PresenterOutput.swift */ = {isa = PBXFileReference; lastKnownFileType = sourcecode.swift; path = PresenterOutput.swift; sourceTree = "<group>"; };
		19321C9B27945ED500AE32F0 /* PersonModuleAssembly.swift */ = {isa = PBXFileReference; lastKnownFileType = sourcecode.swift; path = PersonModuleAssembly.swift; sourceTree = "<group>"; };
/* End PBXFileReference section */

/* Begin PBXFrameworksBuildPhase section */
		19321C4E2794564200AE32F0 /* Frameworks */ = {
			isa = PBXFrameworksBuildPhase;
			buildActionMask = 2147483647;
			files = (
			);
			runOnlyForDeploymentPostprocessing = 0;
		};
/* End PBXFrameworksBuildPhase section */

/* Begin PBXGroup section */
		19321C482794564200AE32F0 = {
			isa = PBXGroup;
			children = (
				19321C532794564200AE32F0 /* MVPTest(HW) */,
				19321C522794564200AE32F0 /* Products */,
			);
			sourceTree = "<group>";
		};
		19321C522794564200AE32F0 /* Products */ = {
			isa = PBXGroup;
			children = (
				19321C512794564200AE32F0 /* MVPTest(HW).app */,
			);
			name = Products;
			sourceTree = "<group>";
		};
		19321C532794564200AE32F0 /* MVPTest(HW) */ = {
			isa = PBXGroup;
			children = (
				19321C8C27945C4500AE32F0 /* Assets */,
				19321C8B27945C3B00AE32F0 /* Presenter */,
				19321C8A27945C3500AE32F0 /* View */,
				19321C8927945C2800AE32F0 /* Model */,
				19321C8827945C1F00AE32F0 /* App */,
				19321C582794564200AE32F0 /* ViewController.swift */,
				19321C5A2794564200AE32F0 /* Main.storyboard */,
				19321C5D2794564400AE32F0 /* Assets.xcassets */,
				19321C5F2794564400AE32F0 /* LaunchScreen.storyboard */,
				19321C622794564400AE32F0 /* Info.plist */,
			);
			path = "MVPTest(HW)";
			sourceTree = "<group>";
		};
		19321C8827945C1F00AE32F0 /* App */ = {
			isa = PBXGroup;
			children = (
				19321C542794564200AE32F0 /* AppDelegate.swift */,
				19321C562794564200AE32F0 /* SceneDelegate.swift */,
			);
			path = App;
			sourceTree = "<group>";
		};
		19321C8927945C2800AE32F0 /* Model */ = {
			isa = PBXGroup;
			children = (
				19321C8D27945C9300AE32F0 /* Model.swift */,
				19321C8F27945CB100AE32F0 /* NetworkManager.swift */,
			);
			path = Model;
			sourceTree = "<group>";
		};
		19321C8A27945C3500AE32F0 /* View */ = {
			isa = PBXGroup;
			children = (
				19321C9127945CDA00AE32F0 /* PersonView.swift */,
				19321C9327945CF300AE32F0 /* PersonViewController.swift */,
			);
			path = View;
			sourceTree = "<group>";
		};
		19321C8B27945C3B00AE32F0 /* Presenter */ = {
			isa = PBXGroup;
			children = (
				19321C9527945D0E00AE32F0 /* Presenter.swift */,
				19321C9727945D2500AE32F0 /* PresenterInput.swift */,
				19321C9927945D4700AE32F0 /* PresenterOutput.swift */,
			);
			path = Presenter;
			sourceTree = "<group>";
		};
		19321C8C27945C4500AE32F0 /* Assets */ = {
			isa = PBXGroup;
			children = (
				19321C9B27945ED500AE32F0 /* PersonModuleAssembly.swift */,
			);
			path = Assets;
			sourceTree = "<group>";
		};
/* End PBXGroup section */

/* Begin PBXNativeTarget section */
		19321C502794564200AE32F0 /* MVPTest(HW) */ = {
			isa = PBXNativeTarget;
			buildConfigurationList = 19321C652794564400AE32F0 /* Build configuration list for PBXNativeTarget "MVPTest(HW)" */;
			buildPhases = (
				19321C4D2794564200AE32F0 /* Sources */,
				19321C4E2794564200AE32F0 /* Frameworks */,
				19321C4F2794564200AE32F0 /* Resources */,
			);
			buildRules = (
			);
			dependencies = (
			);
			name = "MVPTest(HW)";
			productName = "MVPTest(HW)";
			productReference = 19321C512794564200AE32F0 /* MVPTest(HW).app */;
			productType = "com.apple.product-type.application";
		};
/* End PBXNativeTarget section */

/* Begin PBXProject section */
		19321C492794564200AE32F0 /* Project object */ = {
			isa = PBXProject;
			attributes = {
				BuildIndependentTargetsInParallel = 1;
				LastSwiftUpdateCheck = 1320;
				LastUpgradeCheck = 1320;
				TargetAttributes = {
					19321C502794564200AE32F0 = {
						CreatedOnToolsVersion = 13.2.1;
					};
				};
			};
			buildConfigurationList = 19321C4C2794564200AE32F0 /* Build configuration list for PBXProject "MVPTest(HW)" */;
			compatibilityVersion = "Xcode 13.0";
			developmentRegion = en;
			hasScannedForEncodings = 0;
			knownRegions = (
				en,
				Base,
			);
			mainGroup = 19321C482794564200AE32F0;
			productRefGroup = 19321C522794564200AE32F0 /* Products */;
			projectDirPath = "";
			projectRoot = "";
			targets = (
				19321C502794564200AE32F0 /* MVPTest(HW) */,
			);
		};
/* End PBXProject section */

/* Begin PBXResourcesBuildPhase section */
		19321C4F2794564200AE32F0 /* Resources */ = {
			isa = PBXResourcesBuildPhase;
			buildActionMask = 2147483647;
			files = (
				19321C612794564400AE32F0 /* LaunchScreen.storyboard in Resources */,
				19321C5E2794564400AE32F0 /* Assets.xcassets in Resources */,
				19321C5C2794564200AE32F0 /* Main.storyboard in Resources */,
			);
			runOnlyForDeploymentPostprocessing = 0;
		};
/* End PBXResourcesBuildPhase section */

/* Begin PBXSourcesBuildPhase section */
		19321C4D2794564200AE32F0 /* Sources */ = {
			isa = PBXSourcesBuildPhase;
			buildActionMask = 2147483647;
			files = (
				19321C592794564200AE32F0 /* ViewController.swift in Sources */,
				19321C9A27945D4700AE32F0 /* PresenterOutput.swift in Sources */,
				19321C552794564200AE32F0 /* AppDelegate.swift in Sources */,
				19321C9627945D0E00AE32F0 /* Presenter.swift in Sources */,
				19321C9027945CB100AE32F0 /* NetworkManager.swift in Sources */,
				19321C9227945CDA00AE32F0 /* PersonView.swift in Sources */,
				19321C572794564200AE32F0 /* SceneDelegate.swift in Sources */,
				19321C9C27945ED500AE32F0 /* PersonModuleAssembly.swift in Sources */,
				19321C9827945D2500AE32F0 /* PresenterInput.swift in Sources */,
				19321C8E27945C9300AE32F0 /* Model.swift in Sources */,
				19321C9427945CF300AE32F0 /* PersonViewController.swift in Sources */,
			);
			runOnlyForDeploymentPostprocessing = 0;
		};
/* End PBXSourcesBuildPhase section */

/* Begin PBXVariantGroup section */
		19321C5A2794564200AE32F0 /* Main.storyboard */ = {
			isa = PBXVariantGroup;
			children = (
				19321C5B2794564200AE32F0 /* Base */,
			);
			name = Main.storyboard;
			sourceTree = "<group>";
		};
		19321C5F2794564400AE32F0 /* LaunchScreen.storyboard */ = {
			isa = PBXVariantGroup;
			children = (
				19321C602794564400AE32F0 /* Base */,
			);
			name = LaunchScreen.storyboard;
			sourceTree = "<group>";
		};
/* End PBXVariantGroup section */

/* Begin XCBuildConfiguration section */
		19321C632794564400AE32F0 /* Debug */ = {
			isa = XCBuildConfiguration;
			buildSettings = {
				ALWAYS_SEARCH_USER_PATHS = NO;
				CLANG_ANALYZER_NONNULL = YES;
				CLANG_ANALYZER_NUMBER_OBJECT_CONVERSION = YES_AGGRESSIVE;
				CLANG_CXX_LANGUAGE_STANDARD = "gnu++17";
				CLANG_CXX_LIBRARY = "libc++";
				CLANG_ENABLE_MODULES = YES;
				CLANG_ENABLE_OBJC_ARC = YES;
				CLANG_ENABLE_OBJC_WEAK = YES;
				CLANG_WARN_BLOCK_CAPTURE_AUTORELEASING = YES;
				CLANG_WARN_BOOL_CONVERSION = YES;
				CLANG_WARN_COMMA = YES;
				CLANG_WARN_CONSTANT_CONVERSION = YES;
				CLANG_WARN_DEPRECATED_OBJC_IMPLEMENTATIONS = YES;
				CLANG_WARN_DIRECT_OBJC_ISA_USAGE = YES_ERROR;
				CLANG_WARN_DOCUMENTATION_COMMENTS = YES;
				CLANG_WARN_EMPTY_BODY = YES;
				CLANG_WARN_ENUM_CONVERSION = YES;
				CLANG_WARN_INFINITE_RECURSION = YES;
				CLANG_WARN_INT_CONVERSION = YES;
				CLANG_WARN_NON_LITERAL_NULL_CONVERSION = YES;
				CLANG_WARN_OBJC_IMPLICIT_RETAIN_SELF = YES;
				CLANG_WARN_OBJC_LITERAL_CONVERSION = YES;
				CLANG_WARN_OBJC_ROOT_CLASS = YES_ERROR;
				CLANG_WARN_QUOTED_INCLUDE_IN_FRAMEWORK_HEADER = YES;
				CLANG_WARN_RANGE_LOOP_ANALYSIS = YES;
				CLANG_WARN_STRICT_PROTOTYPES = YES;
				CLANG_WARN_SUSPICIOUS_MOVE = YES;
				CLANG_WARN_UNGUARDED_AVAILABILITY = YES_AGGRESSIVE;
				CLANG_WARN_UNREACHABLE_CODE = YES;
				CLANG_WARN__DUPLICATE_METHOD_MATCH = YES;
				COPY_PHASE_STRIP = NO;
				DEBUG_INFORMATION_FORMAT = dwarf;
				ENABLE_STRICT_OBJC_MSGSEND = YES;
				ENABLE_TESTABILITY = YES;
				GCC_C_LANGUAGE_STANDARD = gnu11;
				GCC_DYNAMIC_NO_PIC = NO;
				GCC_NO_COMMON_BLOCKS = YES;
				GCC_OPTIMIZATION_LEVEL = 0;
				GCC_PREPROCESSOR_DEFINITIONS = (
					"DEBUG=1",
					"$(inherited)",
				);
				GCC_WARN_64_TO_32_BIT_CONVERSION = YES;
				GCC_WARN_ABOUT_RETURN_TYPE = YES_ERROR;
				GCC_WARN_UNDECLARED_SELECTOR = YES;
				GCC_WARN_UNINITIALIZED_AUTOS = YES_AGGRESSIVE;
				GCC_WARN_UNUSED_FUNCTION = YES;
				GCC_WARN_UNUSED_VARIABLE = YES;
				IPHONEOS_DEPLOYMENT_TARGET = 15.2;
				MTL_ENABLE_DEBUG_INFO = INCLUDE_SOURCE;
				MTL_FAST_MATH = YES;
				ONLY_ACTIVE_ARCH = YES;
				SDKROOT = iphoneos;
				SWIFT_ACTIVE_COMPILATION_CONDITIONS = DEBUG;
				SWIFT_OPTIMIZATION_LEVEL = "-Onone";
			};
			name = Debug;
		};
		19321C642794564400AE32F0 /* Release */ = {
			isa = XCBuildConfiguration;
			buildSettings = {
				ALWAYS_SEARCH_USER_PATHS = NO;
				CLANG_ANALYZER_NONNULL = YES;
				CLANG_ANALYZER_NUMBER_OBJECT_CONVERSION = YES_AGGRESSIVE;
				CLANG_CXX_LANGUAGE_STANDARD = "gnu++17";
				CLANG_CXX_LIBRARY = "libc++";
				CLANG_ENABLE_MODULES = YES;
				CLANG_ENABLE_OBJC_ARC = YES;
				CLANG_ENABLE_OBJC_WEAK = YES;
				CLANG_WARN_BLOCK_CAPTURE_AUTORELEASING = YES;
				CLANG_WARN_BOOL_CONVERSION = YES;
				CLANG_WARN_COMMA = YES;
				CLANG_WARN_CONSTANT_CONVERSION = YES;
				CLANG_WARN_DEPRECATED_OBJC_IMPLEMENTATIONS = YES;
				CLANG_WARN_DIRECT_OBJC_ISA_USAGE = YES_ERROR;
				CLANG_WARN_DOCUMENTATION_COMMENTS = YES;
				CLANG_WARN_EMPTY_BODY = YES;
				CLANG_WARN_ENUM_CONVERSION = YES;
				CLANG_WARN_INFINITE_RECURSION = YES;
				CLANG_WARN_INT_CONVERSION = YES;
				CLANG_WARN_NON_LITERAL_NULL_CONVERSION = YES;
				CLANG_WARN_OBJC_IMPLICIT_RETAIN_SELF = YES;
				CLANG_WARN_OBJC_LITERAL_CONVERSION = YES;
				CLANG_WARN_OBJC_ROOT_CLASS = YES_ERROR;
				CLANG_WARN_QUOTED_INCLUDE_IN_FRAMEWORK_HEADER = YES;
				CLANG_WARN_RANGE_LOOP_ANALYSIS = YES;
				CLANG_WARN_STRICT_PROTOTYPES = YES;
				CLANG_WARN_SUSPICIOUS_MOVE = YES;
				CLANG_WARN_UNGUARDED_AVAILABILITY = YES_AGGRESSIVE;
				CLANG_WARN_UNREACHABLE_CODE = YES;
				CLANG_WARN__DUPLICATE_METHOD_MATCH = YES;
				COPY_PHASE_STRIP = NO;
				DEBUG_INFORMATION_FORMAT = "dwarf-with-dsym";
				ENABLE_NS_ASSERTIONS = NO;
				ENABLE_STRICT_OBJC_MSGSEND = YES;
				GCC_C_LANGUAGE_STANDARD = gnu11;
				GCC_NO_COMMON_BLOCKS = YES;
				GCC_WARN_64_TO_32_BIT_CONVERSION = YES;
				GCC_WARN_ABOUT_RETURN_TYPE = YES_ERROR;
				GCC_WARN_UNDECLARED_SELECTOR = YES;
				GCC_WARN_UNINITIALIZED_AUTOS = YES_AGGRESSIVE;
				GCC_WARN_UNUSED_FUNCTION = YES;
				GCC_WARN_UNUSED_VARIABLE = YES;
				IPHONEOS_DEPLOYMENT_TARGET = 15.2;
				MTL_ENABLE_DEBUG_INFO = NO;
				MTL_FAST_MATH = YES;
				SDKROOT = iphoneos;
				SWIFT_COMPILATION_MODE = wholemodule;
				SWIFT_OPTIMIZATION_LEVEL = "-O";
				VALIDATE_PRODUCT = YES;
			};
			name = Release;
		};
		19321C662794564400AE32F0 /* Debug */ = {
			isa = XCBuildConfiguration;
			buildSettings = {
				ASSETCATALOG_COMPILER_APPICON_NAME = AppIcon;
				ASSETCATALOG_COMPILER_GLOBAL_ACCENT_COLOR_NAME = AccentColor;
				CODE_SIGN_STYLE = Automatic;
				CURRENT_PROJECT_VERSION = 1;
				DEVELOPMENT_TEAM = R2SR29Z4N5;
				GENERATE_INFOPLIST_FILE = YES;
				INFOPLIST_FILE = "MVPTest(HW)/Info.plist";
				INFOPLIST_KEY_UIApplicationSupportsIndirectInputEvents = YES;
				INFOPLIST_KEY_UILaunchStoryboardName = LaunchScreen;
				INFOPLIST_KEY_UIMainStoryboardFile = Main;
				INFOPLIST_KEY_UISupportedInterfaceOrientations_iPad = "UIInterfaceOrientationPortrait UIInterfaceOrientationPortraitUpsideDown UIInterfaceOrientationLandscapeLeft UIInterfaceOrientationLandscapeRight";
				INFOPLIST_KEY_UISupportedInterfaceOrientations_iPhone = "UIInterfaceOrientationPortrait UIInterfaceOrientationLandscapeLeft UIInterfaceOrientationLandscapeRight";
				LD_RUNPATH_SEARCH_PATHS = (
					"$(inherited)",
					"@executable_path/Frameworks",
				);
				MARKETING_VERSION = 1.0;
				PRODUCT_BUNDLE_IDENTIFIER = "my.com.MVPTest-HW-";
				PRODUCT_NAME = "$(TARGET_NAME)";
				SWIFT_EMIT_LOC_STRINGS = YES;
				SWIFT_VERSION = 5.0;
				TARGETED_DEVICE_FAMILY = "1,2";
			};
			name = Debug;
		};
		19321C672794564400AE32F0 /* Release */ = {
			isa = XCBuildConfiguration;
			buildSettings = {
				ASSETCATALOG_COMPILER_APPICON_NAME = AppIcon;
				ASSETCATALOG_COMPILER_GLOBAL_ACCENT_COLOR_NAME = AccentColor;
				CODE_SIGN_STYLE = Automatic;
				CURRENT_PROJECT_VERSION = 1;
				DEVELOPMENT_TEAM = R2SR29Z4N5;
				GENERATE_INFOPLIST_FILE = YES;
				INFOPLIST_FILE = "MVPTest(HW)/Info.plist";
				INFOPLIST_KEY_UIApplicationSupportsIndirectInputEvents = YES;
				INFOPLIST_KEY_UILaunchStoryboardName = LaunchScreen;
				INFOPLIST_KEY_UIMainStoryboardFile = Main;
				INFOPLIST_KEY_UISupportedInterfaceOrientations_iPad = "UIInterfaceOrientationPortrait UIInterfaceOrientationPortraitUpsideDown UIInterfaceOrientationLandscapeLeft UIInterfaceOrientationLandscapeRight";
				INFOPLIST_KEY_UISupportedInterfaceOrientations_iPhone = "UIInterfaceOrientationPortrait UIInterfaceOrientationLandscapeLeft UIInterfaceOrientationLandscapeRight";
				LD_RUNPATH_SEARCH_PATHS = (
					"$(inherited)",
					"@executable_path/Frameworks",
				);
				MARKETING_VERSION = 1.0;
				PRODUCT_BUNDLE_IDENTIFIER = "my.com.MVPTest-HW-";
				PRODUCT_NAME = "$(TARGET_NAME)";
				SWIFT_EMIT_LOC_STRINGS = YES;
				SWIFT_VERSION = 5.0;
				TARGETED_DEVICE_FAMILY = "1,2";
			};
			name = Release;
		};
/* End XCBuildConfiguration section */

/* Begin XCConfigurationList section */
		19321C4C2794564200AE32F0 /* Build configuration list for PBXProject "MVPTest(HW)" */ = {
			isa = XCConfigurationList;
			buildConfigurations = (
				19321C632794564400AE32F0 /* Debug */,
				19321C642794564400AE32F0 /* Release */,
			);
			defaultConfigurationIsVisible = 0;
			defaultConfigurationName = Release;
		};
		19321C652794564400AE32F0 /* Build configuration list for PBXNativeTarget "MVPTest(HW)" */ = {
			isa = XCConfigurationList;
			buildConfigurations = (
				19321C662794564400AE32F0 /* Debug */,
				19321C672794564400AE32F0 /* Release */,
			);
			defaultConfigurationIsVisible = 0;
			defaultConfigurationName = Release;
		};
/* End XCConfigurationList section */
	};
	rootObject = 19321C492794564200AE32F0 /* Project object */;
}
